
Microsoft Visual Studio Solution File, Format Version 12.00
# Visual Studio Version 17
VisualStudioVersion = 17.2.32630.192
MinimumVisualStudioVersion = 10.0.40219.1
Project("{9A19103F-16F7-4668-BE54-9A1E7A4F7556}") = "Api", "api\Api.csproj", "{B765FA11-1285-4EF6-B2A1-B57B3BB185ED}"
EndProject
Project("{00D1A9C2-B5F0-4AF3-8072-F6C62B433612}") = "Database", "Database\Database.sqlproj", "{010E2D3A-8DA9-4640-A35B-A6046EA37BD7}"
EndProject
Project("{9092AA53-FB77-4645-B42D-1CCCA6BD08BD}") = "Web", "Web\Web.njsproj", "{5CC36120-C764-4502-A066-B3E85F813B0D}"
EndProject
Global
	GlobalSection(SolutionConfigurationPlatforms) = preSolution
		Debug|Any CPU = Debug|Any CPU
		Release|Any CPU = Release|Any CPU
	EndGlobalSection
	GlobalSection(ProjectConfigurationPlatforms) = postSolution
		{B765FA11-1285-4EF6-B2A1-B57B3BB185ED}.Debug|Any CPU.ActiveCfg = Debug|Any CPU
		{B765FA11-1285-4EF6-B2A1-B57B3BB185ED}.Debug|Any CPU.Build.0 = Debug|Any CPU
		{B765FA11-1285-4EF6-B2A1-B57B3BB185ED}.Release|Any CPU.ActiveCfg = Release|Any CPU
		{B765FA11-1285-4EF6-B2A1-B57B3BB185ED}.Release|Any CPU.Build.0 = Release|Any CPU
		{010E2D3A-8DA9-4640-A35B-A6046EA37BD7}.Debug|Any CPU.ActiveCfg = Debug|Any CPU
		{010E2D3A-8DA9-4640-A35B-A6046EA37BD7}.Debug|Any CPU.Build.0 = Debug|Any CPU
		{010E2D3A-8DA9-4640-A35B-A6046EA37BD7}.Debug|Any CPU.Deploy.0 = Debug|Any CPU
		{010E2D3A-8DA9-4640-A35B-A6046EA37BD7}.Release|Any CPU.ActiveCfg = Release|Any CPU
		{010E2D3A-8DA9-4640-A35B-A6046EA37BD7}.Release|Any CPU.Build.0 = Release|Any CPU
		{010E2D3A-8DA9-4640-A35B-A6046EA37BD7}.Release|Any CPU.Deploy.0 = Release|Any CPU
		{5CC36120-C764-4502-A066-B3E85F813B0D}.Debug|Any CPU.ActiveCfg = Debug|Any CPU
		{5CC36120-C764-4502-A066-B3E85F813B0D}.Debug|Any CPU.Build.0 = Debug|Any CPU
		{5CC36120-C764-4502-A066-B3E85F813B0D}.Release|Any CPU.ActiveCfg = Release|Any CPU
		{5CC36120-C764-4502-A066-B3E85F813B0D}.Release|Any CPU.Build.0 = Release|Any CPU
	EndGlobalSection
	GlobalSection(SolutionProperties) = preSolution
		HideSolutionNode = FALSE
	EndGlobalSection
	GlobalSection(ExtensibilityGlobals) = postSolution
		SolutionGuid = {D25C8D18-FDFF-4033-BA04-FC09273DE60C}
	EndGlobalSection
EndGlobal
